
Microsoft Visual Studio Solution File, Format Version 12.00
# Visual Studio Version 16
VisualStudioVersion = 16.0.31129.286
MinimumVisualStudioVersion = 10.0.40219.1
Project("{D2ABAB84-BF74-430A-B69E-9DC6D40DDA17}") = "MultidimensionalProject1", "MultidimensionalProject1\MultidimensionalProject1.dwproj", "{1EDAA834-747C-4688-9827-1C82687E0994}"
EndProject
Global
	GlobalSection(SolutionConfigurationPlatforms) = preSolution
		Development|Default = Development|Default
	EndGlobalSection
	GlobalSection(ProjectConfigurationPlatforms) = postSolution
		{1EDAA834-747C-4688-9827-1C82687E0994}.Development|Default.ActiveCfg = Development
		{1EDAA834-747C-4688-9827-1C82687E0994}.Development|Default.Build.0 = Development
		{1EDAA834-747C-4688-9827-1C82687E0994}.Development|Default.Deploy.0 = Development
	EndGlobalSection
	GlobalSection(SolutionProperties) = preSolution
		HideSolutionNode = FALSE
	EndGlobalSection
	GlobalSection(ExtensibilityGlobals) = postSolution
		SolutionGuid = {12957B6B-386B-4271-BAEB-605E90E6C5A3}
	EndGlobalSection
EndGlobal
